
Microsoft Visual Studio Solution File, Format Version 12.00
# Visual Studio 14
VisualStudioVersion = 14.0.23107.0
MinimumVisualStudioVersion = 10.0.40219.1
Project("{FAE04EC0-301F-11D3-BF4B-00C04F79EFBC}") = "Payplug", "Payplug\Payplug.csproj", "{C2C57050-2AB8-4F9A-9C2E-90EB2BD45D64}"
EndProject
Project("{FAE04EC0-301F-11D3-BF4B-00C04F79EFBC}") = "Payplug.Tests", "Payplug.Tests\Payplug.Tests.csproj", "{EEB42599-CE94-4AA7-BBB8-B513CB2073BF}"
EndProject
Global
	GlobalSection(SolutionConfigurationPlatforms) = preSolution
		Debug|Any CPU = Debug|Any CPU
		Release|Any CPU = Release|Any CPU
	EndGlobalSection
	GlobalSection(ProjectConfigurationPlatforms) = postSolution
		{C2C57050-2AB8-4F9A-9C2E-90EB2BD45D64}.Debug|Any CPU.ActiveCfg = Debug|Any CPU
		{C2C57050-2AB8-4F9A-9C2E-90EB2BD45D64}.Debug|Any CPU.Build.0 = Debug|Any CPU
		{C2C57050-2AB8-4F9A-9C2E-90EB2BD45D64}.Release|Any CPU.ActiveCfg = Release|Any CPU
		{C2C57050-2AB8-4F9A-9C2E-90EB2BD45D64}.Release|Any CPU.Build.0 = Release|Any CPU
		{EEB42599-CE94-4AA7-BBB8-B513CB2073BF}.Debug|Any CPU.ActiveCfg = Debug|Any CPU
		{EEB42599-CE94-4AA7-BBB8-B513CB2073BF}.Debug|Any CPU.Build.0 = Debug|Any CPU
		{EEB42599-CE94-4AA7-BBB8-B513CB2073BF}.Release|Any CPU.ActiveCfg = Release|Any CPU
		{EEB42599-CE94-4AA7-BBB8-B513CB2073BF}.Release|Any CPU.Build.0 = Release|Any CPU
	EndGlobalSection
	GlobalSection(SolutionProperties) = preSolution
		HideSolutionNode = FALSE
	EndGlobalSection
EndGlobal
